PODS:
  - audioplayers_darwin (0.0.1):
    - Flutter
  - connectivity_plus (0.0.1):
    - Flutter
    - FlutterMacOS
  - device_info_plus (0.0.1):
    - Flutter
  - Flutter (1.0.0)
  - flutter_background_service_ios (0.0.3):
    - Flutter
  - flutter_secure_storage (6.0.0):
    - Flutter
  - image_picker_ios (0.0.1):
    - Flutter
  - isar_flutter_libs (1.0.0):
    - Flutter
  - open_filex (0.0.2):
    - Flutter
  - package_info_plus (0.4.5):
    - Flutter
  - path_provider_foundation (0.0.1):
    - Flutter
    - FlutterMacOS
  - pdfx (1.0.0):
    - Flutter
  - permission_handler_apple (9.3.0):
    - Flutter
  - Sentry/HybridSDK (8.33.0)
  - sentry_flutter (8.7.0):
    - Flutter
    - FlutterMacOS
    - Sentry/HybridSDK (= 8.33.0)
  - shared_preferences_foundation (0.0.1):
    - Flutter
    - FlutterMacOS
  - sqflite (0.0.3):
    - Flutter
    - FlutterMacOS
  - unrar_file (0.0.1):
    - Flutter
    - UnrarKit
  - UnrarKit (2.10):
    - UnrarKit/unrar-lib (= 2.10)
  - UnrarKit/unrar-lib (2.10)
  - url_launcher_ios (0.0.1):
    - Flutter

DEPENDENCIES:
  - audioplayers_darwin (from `.symlinks/plugins/audioplayers_darwin/ios`)
  - connectivity_plus (from `.symlinks/plugins/connectivity_plus/darwin`)
  - device_info_plus (from `.symlinks/plugins/device_info_plus/ios`)
  - Flutter (from `Flutter`)
  - flutter_background_service_ios (from `.symlinks/plugins/flutter_background_service_ios/ios`)
  - flutter_secure_storage (from `.symlinks/plugins/flutter_secure_storage/ios`)
  - image_picker_ios (from `.symlinks/plugins/image_picker_ios/ios`)
  - isar_flutter_libs (from `.symlinks/plugins/isar_flutter_libs/ios`)
  - open_filex (from `.symlinks/plugins/open_filex/ios`)
  - package_info_plus (from `.symlinks/plugins/package_info_plus/ios`)
  - path_provider_foundation (from `.symlinks/plugins/path_provider_foundation/darwin`)
  - pdfx (from `.symlinks/plugins/pdfx/ios`)
  - permission_handler_apple (from `.symlinks/plugins/permission_handler_apple/ios`)
  - sentry_flutter (from `.symlinks/plugins/sentry_flutter/ios`)
  - shared_preferences_foundation (from `.symlinks/plugins/shared_preferences_foundation/darwin`)
  - sqflite (from `.symlinks/plugins/sqflite/darwin`)
  - unrar_file (from `.symlinks/plugins/unrar_file/ios`)
  - url_launcher_ios (from `.symlinks/plugins/url_launcher_ios/ios`)

SPEC REPOS:
  trunk:
    - Sentry
    - UnrarKit

EXTERNAL SOURCES:
  audioplayers_darwin:
    :path: ".symlinks/plugins/audioplayers_darwin/ios"
  connectivity_plus:
    :path: ".symlinks/plugins/connectivity_plus/darwin"
  device_info_plus:
    :path: ".symlinks/plugins/device_info_plus/ios"
  Flutter:
    :path: Flutter
  flutter_background_service_ios:
    :path: ".symlinks/plugins/flutter_background_service_ios/ios"
  flutter_secure_storage:
    :path: ".symlinks/plugins/flutter_secure_storage/ios"
  image_picker_ios:
    :path: ".symlinks/plugins/image_picker_ios/ios"
  isar_flutter_libs:
    :path: ".symlinks/plugins/isar_flutter_libs/ios"
  open_filex:
    :path: ".symlinks/plugins/open_filex/ios"
  package_info_plus:
    :path: ".symlinks/plugins/package_info_plus/ios"
  path_provider_foundation:
    :path: ".symlinks/plugins/path_provider_foundation/darwin"
  pdfx:
    :path: ".symlinks/plugins/pdfx/ios"
  permission_handler_apple:
    :path: ".symlinks/plugins/permission_handler_apple/ios"
  sentry_flutter:
    :path: ".symlinks/plugins/sentry_flutter/ios"
  shared_preferences_foundation:
    :path: ".symlinks/plugins/shared_preferences_foundation/darwin"
  sqflite:
    :path: ".symlinks/plugins/sqflite/darwin"
  unrar_file:
    :path: ".symlinks/plugins/unrar_file/ios"
  url_launcher_ios:
    :path: ".symlinks/plugins/url_launcher_ios/ios"

SPEC CHECKSUMS:
  audioplayers_darwin: 877d9a4d06331c5c374595e46e16453ac7eafa40
  connectivity_plus: ddd7f30999e1faaef5967c23d5b6d503d10434db
  device_info_plus: c6fb39579d0f423935b0c9ce7ee2f44b71b9fce6
  Flutter: e0871f40cf51350855a761d2e70bf5af5b9b5de7
  flutter_background_service_ios: e30e0d3ee69e4cee66272d0c78eacd48c2e94aac
  flutter_secure_storage: d33dac7ae2ea08509be337e775f6b59f1ff45f12
  image_picker_ios: c560581cceedb403a6ff17f2f816d7fea1421fc1
  isar_flutter_libs: b69f437aeab9c521821c3f376198c4371fa21073
  open_filex: 6e26e659846ec990262224a12ef1c528bb4edbe4
  package_info_plus: 115f4ad11e0698c8c1c5d8a689390df880f47e85
  path_provider_foundation: 2b6b4c569c0fb62ec74538f866245ac84301af46
  pdfx: 7b876b09de8b7a0bf444a4f82b439ffcff4ee1ec
  permission_handler_apple: 9878588469a2b0d0fc1e048d9f43605f92e6cec2
  Sentry: 8560050221424aef0bebc8e31eedf00af80f90a6
  sentry_flutter: e26b861f744e5037a3faf9bf56603ec65d658a61
  shared_preferences_foundation: fcdcbc04712aee1108ac7fda236f363274528f78
  sqflite: 673a0e54cc04b7d6dba8d24fb8095b31c3a99eec
  unrar_file: ead248ffb2e777cb67f083bc1bb1fb45d4157dbd
  UnrarKit: 62f535c7a34ec52d2514b9b148f33dcfa9a9dc39
  url_launcher_ios: 5334b05cef931de560670eeae103fd3e431ac3fe

PODFILE CHECKSUM: 261aa5270d0bfaacfc50eed5f8260a8d156ff8c5

COCOAPODS: 1.15.2
