PODS:
  - Flutter (1.0.0)
  - flutter_background_service_ios (0.0.3):
    - Flutter
  - isar_flutter_libs (1.0.0):
    - Flutter
  - open_filex (0.0.2):
    - Flutter
  - unrar_file (0.0.1):
    - Flutter
    - UnrarKit
  - UnrarKit (2.10):
    - UnrarKit/unrar-lib (= 2.10)
  - UnrarKit/unrar-lib (2.10)

DEPENDENCIES:
  - Flutter (from `Flutter`)
  - flutter_background_service_ios (from `.symlinks/plugins/flutter_background_service_ios/ios`)
  - isar_flutter_libs (from `.symlinks/plugins/isar_flutter_libs/ios`)
  - open_filex (from `.symlinks/plugins/open_filex/ios`)
  - unrar_file (from `.symlinks/plugins/unrar_file/ios`)

SPEC REPOS:
  trunk:
    - UnrarKit

EXTERNAL SOURCES:
  Flutter:
    :path: Flutter
  flutter_background_service_ios:
    :path: ".symlinks/plugins/flutter_background_service_ios/ios"
  isar_flutter_libs:
    :path: ".symlinks/plugins/isar_flutter_libs/ios"
  open_filex:
    :path: ".symlinks/plugins/open_filex/ios"
  unrar_file:
    :path: ".symlinks/plugins/unrar_file/ios"

SPEC CHECKSUMS:
  Flutter: 71a624a5bc0c04062bf19101d501e466baf2fb47
  flutter_background_service_ios: 00d31bdff7b4bfe06d32375df358abe0329cf87e
  isar_flutter_libs: 9fc2cfb928c539e1b76c481ba5d143d556d94920
  open_filex: 432f3cd11432da3e39f47fcc0df2b1603854eff1
  unrar_file: f681dc2c7ea839fe0e7eccbd08d009d801e171cb
  UnrarKit: 62f535c7a34ec52d2514b9b148f33dcfa9a9dc39

PODFILE CHECKSUM: 9e4fde382aebf4451d38cc0735992d6842c79536

COCOAPODS: 1.17.0
